
Microsoft Visual Studio Solution File, Format Version 11.00
# Visual Studio 2010
Project("{2150E333-8FDC-42A3-9474-1A3956D46DE8}") = "Solution Items", "Solution Items", "{2914B695-4602-4F6C-A9A0-DBC5C0B1AFE9}"
        ProjectSection(SolutionItems) = preProject
                SolutionInfo.cs = SolutionInfo.cs
        EndProjectSection
EndProject
Project("{FAE04EC0-301F-11D3-BF4B-00C04F79EFBC}") = "CountdownPng", "CountdownPng\CountdownPng.csproj", "{36BF73E8-11B4-4906-98ED-2BF8023ACDE5}"
EndProject
Project("{FAE04EC0-301F-11D3-BF4B-00C04F79EFBC}") = "AnimatedGif", "AnimatedGif\Plugin\AnimatedGif.csproj", "{8CCDC380-259C-41BC-86EF-826DFF7A7A46}"
EndProject
Project("{FAE04EC0-301F-11D3-BF4B-00C04F79EFBC}") = "Email", "Email\Email.csproj", "{0BB64436-04DC-4D67-B385-892F2FD20EA6}"
EndProject
Project("{FAE04EC0-301F-11D3-BF4B-00C04F79EFBC}") = "AviFormat", "AviFormat\AviFormat.csproj", "{11FDC48F-FD62-4BEC-B21D-C3722996DAA5}"
EndProject
Project("{FAE04EC0-301F-11D3-BF4B-00C04F79EFBC}") = "OneNote", "OneNote\OneNote.csproj", "{D3C342D3-A10A-4AAF-A16E-8B66ED93E91D}"
EndProject
Project("{FAE04EC0-301F-11D3-BF4B-00C04F79EFBC}") = "Flickr", "Flickr\Flickr.csproj", "{75E4EF73-D1B0-486E-982B-B3B492E5642B}"
EndProject
Project("{FAE04EC0-301F-11D3-BF4B-00C04F79EFBC}") = "S3", "S3\S3.csproj", "{341A7D6E-783B-48D3-9FA3-39A0581A40ED}"
EndProject
Project("{FAE04EC0-301F-11D3-BF4B-00C04F79EFBC}") = "TFSWorkItem", "TFSWorkItem\TFSWorkItem.csproj", "{3D524BF5-8CF8-4586-A6A3-49F767A44794}"
EndProject
Project("{FAE04EC0-301F-11D3-BF4B-00C04F79EFBC}") = "Imgur", "Imgur\Imgur.csproj", "{0C9F6C4A-0D51-4A74-91F0-363B55FA47C5}"
EndProject
Project("{FAE04EC0-301F-11D3-BF4B-00C04F79EFBC}") = "PaintDotNet", "Paint.NET\PaintDotNet.csproj", "{B60EEA44-A7D4-4527-B9DC-DB4072B9A527}"
EndProject
Project("{FAE04EC0-301F-11D3-BF4B-00C04F79EFBC}") = "ImageShack", "ImageShack\ImageShack.csproj", "{1c7c2cf8-a342-42df-9caf-13f06346ecda}"
EndProject
Project("{FAE04EC0-301F-11D3-BF4B-00C04F79EFBC}") = "TwitPic", "TwitPic\TwitPic.csproj", "{e0b2ec2a-c9e0-46a8-91ec-5cf3cec08bd7}"
EndProject
Project("{FAE04EC0-301F-11D3-BF4B-00C04F79EFBC}") = "Picasa", "Picasa\Picasa.csproj", "{2dabaa16-8b10-473b-bf99-8e9fba7e7315}"
EndProject
Global
        GlobalSection(TeamFoundationVersionControl) = preSolution
                SccNumberOfProjects = 13
                SccEnterpriseProvider = {4CA58AB2-18FA-4F8D-95D4-32DDF27D184C}
                SccTeamFoundationServer = https://tfs.codeplex.com/tfs/tfs02
                SccLocalPath0 = .
                SccProjectUniqueName1 = AnimatedGif\\Plugin\\AnimatedGif.csproj
                SccProjectName1 = AnimatedGif/Plugin
                SccLocalPath1 = AnimatedGif\\Plugin
                SccProjectUniqueName2 = AviFormat\\AviFormat.csproj
                SccProjectName2 = AviFormat
                SccLocalPath2 = AviFormat
                SccProjectUniqueName3 = CountdownPng\\CountdownPng.csproj
                SccProjectName3 = CountdownPng
                SccLocalPath3 = CountdownPng
                SccProjectUniqueName4 = Email\\Email.csproj
                SccProjectName4 = Email
                SccLocalPath4 = Email
                SccProjectUniqueName5 = OneNote\\OneNote.csproj
                SccProjectName5 = OneNote
                SccLocalPath5 = OneNote
                SccProjectUniqueName6 = Flickr\\Flickr.csproj
                SccProjectName6 = Flickr
                SccLocalPath6 = Flickr
                SccProjectUniqueName7 = S3\\S3.csproj
                SccProjectName7 = S3
                SccLocalPath7 = S3
                SccProjectUniqueName8 = TFSWorkItem\\TFSWorkItem.csproj
                SccProjectName8 = TFSWorkItem
                SccLocalPath8 = TFSWorkItem
                SccProjectUniqueName9 = Imgur\\Imgur.csproj
                SccProjectName9 = Imgur
                SccLocalPath9 = Imgur
                SccProjectUniqueName10 = Paint.NET\\PaintDotNet.csproj
                SccProjectName10 = Paint.NET
                SccLocalPath10 = Paint.NET
                SccProjectUniqueName11 = ImageShack\\ImageShack.csproj
                SccProjectName11 = ImageShack
                SccLocalPath11 = ImageShack
                SccProjectUniqueName12 = TwitPic\\TwitPic.csproj
                SccProjectName12 = TwitPic
                SccLocalPath12 = TwitPic
                SccProjectUniqueName13 = Picasa\\Picasa.csproj
                SccProjectName13 = Picasa
                SccLocalPath13 = Picasa
        EndGlobalSection
        GlobalSection(SolutionConfigurationPlatforms) = preSolution
                AutomatedDebug|Any CPU = AutomatedDebug|Any CPU
                AutomatedRelease|Any CPU = AutomatedRelease|Any CPU
                Debug|Any CPU = Debug|Any CPU
                Release|Any CPU = Release|Any CPU
                Debug|x86 = Debug|x86
                Release|x86 = Release|x86
        EndGlobalSection
        GlobalSection(ProjectConfigurationPlatforms) = postSolution
                {36BF73E8-11B4-4906-98ED-2BF8023ACDE5}.AutomatedDebug|Any CPU.ActiveCfg = Debug|Any CPU
                {36BF73E8-11B4-4906-98ED-2BF8023ACDE5}.AutomatedDebug|Any CPU.Build.0 = Debug|Any CPU
                {36BF73E8-11B4-4906-98ED-2BF8023ACDE5}.AutomatedRelease|Any CPU.ActiveCfg = Release|Any CPU
                {36BF73E8-11B4-4906-98ED-2BF8023ACDE5}.AutomatedRelease|Any CPU.Build.0 = Release|Any CPU
                {36BF73E8-11B4-4906-98ED-2BF8023ACDE5}.Debug|Any CPU.ActiveCfg = Debug|Any CPU
                {36BF73E8-11B4-4906-98ED-2BF8023ACDE5}.Debug|Any CPU.Build.0 = Debug|Any CPU
                {36BF73E8-11B4-4906-98ED-2BF8023ACDE5}.Release|Any CPU.ActiveCfg = Release|Any CPU
                {36BF73E8-11B4-4906-98ED-2BF8023ACDE5}.Release|Any CPU.Build.0 = Release|Any CPU
                {36BF73E8-11B4-4906-98ED-2BF8023ACDE5}.Debug|x86.ActiveCfg = Debug|x86
                {36BF73E8-11B4-4906-98ED-2BF8023ACDE5}.Debug|x86.Build.0 = Debug|x86
                {36BF73E8-11B4-4906-98ED-2BF8023ACDE5}.Release|x86.ActiveCfg = Release|x86
                {36BF73E8-11B4-4906-98ED-2BF8023ACDE5}.Release|x86.Build.0 = Release|x86
                {8CCDC380-259C-41BC-86EF-826DFF7A7A46}.AutomatedDebug|Any CPU.ActiveCfg = Debug|Any CPU
                {8CCDC380-259C-41BC-86EF-826DFF7A7A46}.AutomatedDebug|Any CPU.Build.0 = Debug|Any CPU
                {8CCDC380-259C-41BC-86EF-826DFF7A7A46}.AutomatedRelease|Any CPU.ActiveCfg = Release|Any CPU
                {8CCDC380-259C-41BC-86EF-826DFF7A7A46}.AutomatedRelease|Any CPU.Build.0 = Release|Any CPU
                {8CCDC380-259C-41BC-86EF-826DFF7A7A46}.Debug|Any CPU.ActiveCfg = Debug|Any CPU
                {8CCDC380-259C-41BC-86EF-826DFF7A7A46}.Debug|Any CPU.Build.0 = Debug|Any CPU
                {8CCDC380-259C-41BC-86EF-826DFF7A7A46}.Release|Any CPU.ActiveCfg = Release|Any CPU
                {8CCDC380-259C-41BC-86EF-826DFF7A7A46}.Release|Any CPU.Build.0 = Release|Any CPU
                {8CCDC380-259C-41BC-86EF-826DFF7A7A46}.Debug|x86.ActiveCfg = Debug|x86
                {8CCDC380-259C-41BC-86EF-826DFF7A7A46}.Debug|x86.Build.0 = Debug|x86
                {8CCDC380-259C-41BC-86EF-826DFF7A7A46}.Release|x86.ActiveCfg = Release|x86
                {8CCDC380-259C-41BC-86EF-826DFF7A7A46}.Release|x86.Build.0 = Release|x86
                {0BB64436-04DC-4D67-B385-892F2FD20EA6}.AutomatedDebug|Any CPU.ActiveCfg = Debug|Any CPU
                {0BB64436-04DC-4D67-B385-892F2FD20EA6}.AutomatedDebug|Any CPU.Build.0 = Debug|Any CPU
                {0BB64436-04DC-4D67-B385-892F2FD20EA6}.AutomatedRelease|Any CPU.ActiveCfg = Release|Any CPU
                {0BB64436-04DC-4D67-B385-892F2FD20EA6}.AutomatedRelease|Any CPU.Build.0 = Release|Any CPU
                {0BB64436-04DC-4D67-B385-892F2FD20EA6}.Debug|Any CPU.ActiveCfg = Debug|Any CPU
                {0BB64436-04DC-4D67-B385-892F2FD20EA6}.Debug|Any CPU.Build.0 = Debug|Any CPU
                {0BB64436-04DC-4D67-B385-892F2FD20EA6}.Release|Any CPU.ActiveCfg = Release|Any CPU
                {0BB64436-04DC-4D67-B385-892F2FD20EA6}.Release|Any CPU.Build.0 = Release|Any CPU
                {0BB64436-04DC-4D67-B385-892F2FD20EA6}.Debug|x86.ActiveCfg = Debug|x86
                {0BB64436-04DC-4D67-B385-892F2FD20EA6}.Debug|x86.Build.0 = Debug|x86
                {0BB64436-04DC-4D67-B385-892F2FD20EA6}.Release|x86.ActiveCfg = Release|x86
                {0BB64436-04DC-4D67-B385-892F2FD20EA6}.Release|x86.Build.0 = Release|x86
                {11FDC48F-FD62-4BEC-B21D-C3722996DAA5}.AutomatedDebug|Any CPU.ActiveCfg = AutomatedDebug|Any CPU
                {11FDC48F-FD62-4BEC-B21D-C3722996DAA5}.AutomatedDebug|Any CPU.Build.0 = AutomatedDebug|Any CPU
                {11FDC48F-FD62-4BEC-B21D-C3722996DAA5}.AutomatedRelease|Any CPU.ActiveCfg = AutomatedRelease|Any CPU
                {11FDC48F-FD62-4BEC-B21D-C3722996DAA5}.AutomatedRelease|Any CPU.Build.0 = AutomatedRelease|Any CPU
                {11FDC48F-FD62-4BEC-B21D-C3722996DAA5}.Debug|Any CPU.ActiveCfg = Debug|Any CPU
                {11FDC48F-FD62-4BEC-B21D-C3722996DAA5}.Debug|Any CPU.Build.0 = Debug|Any CPU
                {11FDC48F-FD62-4BEC-B21D-C3722996DAA5}.Release|Any CPU.ActiveCfg = Release|Any CPU
                {11FDC48F-FD62-4BEC-B21D-C3722996DAA5}.Release|Any CPU.Build.0 = Release|Any CPU
                {11FDC48F-FD62-4BEC-B21D-C3722996DAA5}.Debug|x86.ActiveCfg = Debug|x86
                {11FDC48F-FD62-4BEC-B21D-C3722996DAA5}.Debug|x86.Build.0 = Debug|x86
                {11FDC48F-FD62-4BEC-B21D-C3722996DAA5}.Release|x86.ActiveCfg = Release|x86
                {11FDC48F-FD62-4BEC-B21D-C3722996DAA5}.Release|x86.Build.0 = Release|x86
                {D3C342D3-A10A-4AAF-A16E-8B66ED93E91D}.AutomatedDebug|Any CPU.ActiveCfg = Debug|Any CPU
                {D3C342D3-A10A-4AAF-A16E-8B66ED93E91D}.AutomatedDebug|Any CPU.Build.0 = Debug|Any CPU
                {D3C342D3-A10A-4AAF-A16E-8B66ED93E91D}.AutomatedRelease|Any CPU.ActiveCfg = Release|Any CPU
                {D3C342D3-A10A-4AAF-A16E-8B66ED93E91D}.AutomatedRelease|Any CPU.Build.0 = Release|Any CPU
                {D3C342D3-A10A-4AAF-A16E-8B66ED93E91D}.Debug|Any CPU.ActiveCfg = Debug|Any CPU
                {D3C342D3-A10A-4AAF-A16E-8B66ED93E91D}.Debug|Any CPU.Build.0 = Debug|Any CPU
                {D3C342D3-A10A-4AAF-A16E-8B66ED93E91D}.Release|Any CPU.ActiveCfg = Release|Any CPU
                {D3C342D3-A10A-4AAF-A16E-8B66ED93E91D}.Release|Any CPU.Build.0 = Release|Any CPU
                {D3C342D3-A10A-4AAF-A16E-8B66ED93E91D}.Debug|x86.ActiveCfg = Debug|x86
                {D3C342D3-A10A-4AAF-A16E-8B66ED93E91D}.Debug|x86.Build.0 = Debug|x86
                {D3C342D3-A10A-4AAF-A16E-8B66ED93E91D}.Release|x86.ActiveCfg = Release|x86
                {D3C342D3-A10A-4AAF-A16E-8B66ED93E91D}.Release|x86.Build.0 = Release|x86
                {75E4EF73-D1B0-486E-982B-B3B492E5642B}.AutomatedDebug|Any CPU.ActiveCfg = Debug|Any CPU
                {75E4EF73-D1B0-486E-982B-B3B492E5642B}.AutomatedDebug|Any CPU.Build.0 = Debug|Any CPU
                {75E4EF73-D1B0-486E-982B-B3B492E5642B}.AutomatedRelease|Any CPU.ActiveCfg = Release|Any CPU
                {75E4EF73-D1B0-486E-982B-B3B492E5642B}.AutomatedRelease|Any CPU.Build.0 = Release|Any CPU
                {75E4EF73-D1B0-486E-982B-B3B492E5642B}.Debug|Any CPU.ActiveCfg = Debug|Any CPU
                {75E4EF73-D1B0-486E-982B-B3B492E5642B}.Debug|Any CPU.Build.0 = Debug|Any CPU
                {75E4EF73-D1B0-486E-982B-B3B492E5642B}.Release|Any CPU.ActiveCfg = Release|Any CPU
                {75E4EF73-D1B0-486E-982B-B3B492E5642B}.Release|Any CPU.Build.0 = Release|Any CPU
                {75E4EF73-D1B0-486E-982B-B3B492E5642B}.Debug|x86.ActiveCfg = Debug|x86
                {75E4EF73-D1B0-486E-982B-B3B492E5642B}.Debug|x86.Build.0 = Debug|x86
                {75E4EF73-D1B0-486E-982B-B3B492E5642B}.Release|x86.ActiveCfg = Release|x86
                {75E4EF73-D1B0-486E-982B-B3B492E5642B}.Release|x86.Build.0 = Release|x86
                {341A7D6E-783B-48D3-9FA3-39A0581A40ED}.AutomatedDebug|Any CPU.ActiveCfg = Debug|Any CPU
                {341A7D6E-783B-48D3-9FA3-39A0581A40ED}.AutomatedDebug|Any CPU.Build.0 = Debug|Any CPU
                {341A7D6E-783B-48D3-9FA3-39A0581A40ED}.AutomatedRelease|Any CPU.ActiveCfg = Release|Any CPU
                {341A7D6E-783B-48D3-9FA3-39A0581A40ED}.AutomatedRelease|Any CPU.Build.0 = Release|Any CPU
                {341A7D6E-783B-48D3-9FA3-39A0581A40ED}.Debug|Any CPU.ActiveCfg = Debug|Any CPU
                {341A7D6E-783B-48D3-9FA3-39A0581A40ED}.Debug|Any CPU.Build.0 = Debug|Any CPU
                {341A7D6E-783B-48D3-9FA3-39A0581A40ED}.Release|Any CPU.ActiveCfg = Release|Any CPU
                {341A7D6E-783B-48D3-9FA3-39A0581A40ED}.Release|Any CPU.Build.0 = Release|Any CPU
                {341A7D6E-783B-48D3-9FA3-39A0581A40ED}.Debug|x86.ActiveCfg = Debug|x86
                {341A7D6E-783B-48D3-9FA3-39A0581A40ED}.Debug|x86.Build.0 = Debug|x86
                {341A7D6E-783B-48D3-9FA3-39A0581A40ED}.Release|x86.ActiveCfg = Release|x86
                {341A7D6E-783B-48D3-9FA3-39A0581A40ED}.Release|x86.Build.0 = Release|x86
                {3D524BF5-8CF8-4586-A6A3-49F767A44794}.AutomatedDebug|Any CPU.ActiveCfg = Debug|Any CPU
                {3D524BF5-8CF8-4586-A6A3-49F767A44794}.AutomatedDebug|Any CPU.Build.0 = Debug|Any CPU
                {3D524BF5-8CF8-4586-A6A3-49F767A44794}.AutomatedRelease|Any CPU.ActiveCfg = Release|Any CPU
                {3D524BF5-8CF8-4586-A6A3-49F767A44794}.AutomatedRelease|Any CPU.Build.0 = Release|Any CPU
                {3D524BF5-8CF8-4586-A6A3-49F767A44794}.Debug|Any CPU.ActiveCfg = Debug|Any CPU
                {3D524BF5-8CF8-4586-A6A3-49F767A44794}.Debug|Any CPU.Build.0 = Debug|Any CPU
                {3D524BF5-8CF8-4586-A6A3-49F767A44794}.Release|Any CPU.ActiveCfg = Release|Any CPU
                {3D524BF5-8CF8-4586-A6A3-49F767A44794}.Release|Any CPU.Build.0 = Release|Any CPU
                {3D524BF5-8CF8-4586-A6A3-49F767A44794}.Debug|x86.ActiveCfg = Debug|x86
                {3D524BF5-8CF8-4586-A6A3-49F767A44794}.Debug|x86.Build.0 = Debug|x86
                {3D524BF5-8CF8-4586-A6A3-49F767A44794}.Release|x86.ActiveCfg = Release|x86
                {3D524BF5-8CF8-4586-A6A3-49F767A44794}.Release|x86.Build.0 = Release|x86
                {0C9F6C4A-0D51-4A74-91F0-363B55FA47C5}.AutomatedDebug|Any CPU.ActiveCfg = Debug|Any CPU
                {0C9F6C4A-0D51-4A74-91F0-363B55FA47C5}.AutomatedDebug|Any CPU.Build.0 = Debug|Any CPU
                {0C9F6C4A-0D51-4A74-91F0-363B55FA47C5}.AutomatedRelease|Any CPU.ActiveCfg = Release|Any CPU
                {0C9F6C4A-0D51-4A74-91F0-363B55FA47C5}.AutomatedRelease|Any CPU.Build.0 = Release|Any CPU
                {0C9F6C4A-0D51-4A74-91F0-363B55FA47C5}.Debug|Any CPU.ActiveCfg = Debug|Any CPU
                {0C9F6C4A-0D51-4A74-91F0-363B55FA47C5}.Debug|Any CPU.Build.0 = Debug|Any CPU
                {0C9F6C4A-0D51-4A74-91F0-363B55FA47C5}.Release|Any CPU.ActiveCfg = Release|Any CPU
                {0C9F6C4A-0D51-4A74-91F0-363B55FA47C5}.Release|Any CPU.Build.0 = Release|Any CPU
                {0C9F6C4A-0D51-4A74-91F0-363B55FA47C5}.Debug|x86.ActiveCfg = Debug|x86
                {0C9F6C4A-0D51-4A74-91F0-363B55FA47C5}.Debug|x86.Build.0 = Debug|x86
                {0C9F6C4A-0D51-4A74-91F0-363B55FA47C5}.Release|x86.ActiveCfg = Release|x86
                {0C9F6C4A-0D51-4A74-91F0-363B55FA47C5}.Release|x86.Build.0 = Release|x86
                {B60EEA44-A7D4-4527-B9DC-DB4072B9A527}.AutomatedDebug|Any CPU.ActiveCfg = Debug|Any CPU
                {B60EEA44-A7D4-4527-B9DC-DB4072B9A527}.AutomatedDebug|Any CPU.Build.0 = Debug|Any CPU
                {B60EEA44-A7D4-4527-B9DC-DB4072B9A527}.AutomatedRelease|Any CPU.ActiveCfg = Release|Any CPU
                {B60EEA44-A7D4-4527-B9DC-DB4072B9A527}.AutomatedRelease|Any CPU.Build.0 = Release|Any CPU
                {B60EEA44-A7D4-4527-B9DC-DB4072B9A527}.Debug|Any CPU.ActiveCfg = Debug|Any CPU
                {B60EEA44-A7D4-4527-B9DC-DB4072B9A527}.Debug|Any CPU.Build.0 = Debug|Any CPU
                {B60EEA44-A7D4-4527-B9DC-DB4072B9A527}.Release|Any CPU.ActiveCfg = Release|Any CPU
                {B60EEA44-A7D4-4527-B9DC-DB4072B9A527}.Release|Any CPU.Build.0 = Release|Any CPU
                {B60EEA44-A7D4-4527-B9DC-DB4072B9A527}.Debug|x86.ActiveCfg = Debug|x86
                {B60EEA44-A7D4-4527-B9DC-DB4072B9A527}.Debug|x86.Build.0 = Debug|x86
                {B60EEA44-A7D4-4527-B9DC-DB4072B9A527}.Release|x86.ActiveCfg = Release|x86
                {B60EEA44-A7D4-4527-B9DC-DB4072B9A527}.Release|x86.Build.0 = Release|x86
                {1c7c2cf8-a342-42df-9caf-13f06346ecda}.AutomatedDebug|Any CPU.ActiveCfg = Debug|Any CPU
                {1c7c2cf8-a342-42df-9caf-13f06346ecda}.AutomatedDebug|Any CPU.Build.0 = Debug|Any CPU
                {1c7c2cf8-a342-42df-9caf-13f06346ecda}.AutomatedRelease|Any CPU.ActiveCfg = Release|Any CPU
                {1c7c2cf8-a342-42df-9caf-13f06346ecda}.AutomatedRelease|Any CPU.Build.0 = Release|Any CPU
                {1c7c2cf8-a342-42df-9caf-13f06346ecda}.Debug|Any CPU.ActiveCfg = Debug|Any CPU
                {1c7c2cf8-a342-42df-9caf-13f06346ecda}.Debug|Any CPU.Build.0 = Debug|Any CPU
                {1c7c2cf8-a342-42df-9caf-13f06346ecda}.Release|Any CPU.ActiveCfg = Release|Any CPU
                {1c7c2cf8-a342-42df-9caf-13f06346ecda}.Release|Any CPU.Build.0 = Release|Any CPU
                {1c7c2cf8-a342-42df-9caf-13f06346ecda}.Debug|x86.ActiveCfg = Debug|x86
                {1c7c2cf8-a342-42df-9caf-13f06346ecda}.Debug|x86.Build.0 = Debug|x86
                {1c7c2cf8-a342-42df-9caf-13f06346ecda}.Release|x86.ActiveCfg = Release|x86
                {1c7c2cf8-a342-42df-9caf-13f06346ecda}.Release|x86.Build.0 = Release|x86
                {e0b2ec2a-c9e0-46a8-91ec-5cf3cec08bd7}.AutomatedDebug|Any CPU.ActiveCfg = Debug|Any CPU
                {e0b2ec2a-c9e0-46a8-91ec-5cf3cec08bd7}.AutomatedDebug|Any CPU.Build.0 = Debug|Any CPU
                {e0b2ec2a-c9e0-46a8-91ec-5cf3cec08bd7}.AutomatedRelease|Any CPU.ActiveCfg = Release|Any CPU
                {e0b2ec2a-c9e0-46a8-91ec-5cf3cec08bd7}.AutomatedRelease|Any CPU.Build.0 = Release|Any CPU
                {e0b2ec2a-c9e0-46a8-91ec-5cf3cec08bd7}.Debug|Any CPU.ActiveCfg = Debug|Any CPU
                {e0b2ec2a-c9e0-46a8-91ec-5cf3cec08bd7}.Debug|Any CPU.Build.0 = Debug|Any CPU
                {e0b2ec2a-c9e0-46a8-91ec-5cf3cec08bd7}.Release|Any CPU.ActiveCfg = Release|Any CPU
                {e0b2ec2a-c9e0-46a8-91ec-5cf3cec08bd7}.Release|Any CPU.Build.0 = Release|Any CPU
                {e0b2ec2a-c9e0-46a8-91ec-5cf3cec08bd7}.Debug|x86.ActiveCfg = Debug|x86
                {e0b2ec2a-c9e0-46a8-91ec-5cf3cec08bd7}.Debug|x86.Build.0 = Debug|x86
                {e0b2ec2a-c9e0-46a8-91ec-5cf3cec08bd7}.Release|x86.ActiveCfg = Release|x86
                {e0b2ec2a-c9e0-46a8-91ec-5cf3cec08bd7}.Release|x86.Build.0 = Release|x86
                {2dabaa16-8b10-473b-bf99-8e9fba7e7315}.AutomatedDebug|Any CPU.ActiveCfg = Debug|Any CPU
                {2dabaa16-8b10-473b-bf99-8e9fba7e7315}.AutomatedDebug|Any CPU.Build.0 = Debug|Any CPU
                {2dabaa16-8b10-473b-bf99-8e9fba7e7315}.AutomatedRelease|Any CPU.ActiveCfg = Release|Any CPU
                {2dabaa16-8b10-473b-bf99-8e9fba7e7315}.AutomatedRelease|Any CPU.Build.0 = Release|Any CPU
                {2dabaa16-8b10-473b-bf99-8e9fba7e7315}.Debug|Any CPU.ActiveCfg = Debug|Any CPU
                {2dabaa16-8b10-473b-bf99-8e9fba7e7315}.Debug|Any CPU.Build.0 = Debug|Any CPU
                {2dabaa16-8b10-473b-bf99-8e9fba7e7315}.Release|Any CPU.ActiveCfg = Release|Any CPU
                {2dabaa16-8b10-473b-bf99-8e9fba7e7315}.Release|Any CPU.Build.0 = Release|Any CPU
                {2dabaa16-8b10-473b-bf99-8e9fba7e7315}.Debug|x86.ActiveCfg = Debug|x86
                {2dabaa16-8b10-473b-bf99-8e9fba7e7315}.Debug|x86.Build.0 = Debug|x86
                {2dabaa16-8b10-473b-bf99-8e9fba7e7315}.Release|x86.ActiveCfg = Release|x86
                {2dabaa16-8b10-473b-bf99-8e9fba7e7315}.Release|x86.Build.0 = Release|x86
        EndGlobalSection
        GlobalSection(SolutionProperties) = preSolution
                HideSolutionNode = FALSE
        EndGlobalSection
EndGlobal
