
Microsoft Visual Studio Solution File, Format Version 12.00
# Visual Studio 15
VisualStudioVersion = 15.0.26621.2
MinimumVisualStudioVersion = 10.0.40219.1
Project("{2150E333-8FDC-42A3-9474-1A3956D46DE8}") = "Solution Items", "Solution Items", "{2914B695-4602-4F6C-A9A0-DBC5C0B1AFE9}"
EndProject
Project("{FAE04EC0-301F-11D3-BF4B-00C04F79EFBC}") = "CountdownPng", "CountdownPng\CountdownPng.csproj", "{36BF73E8-11B4-4906-98ED-2BF8023ACDE5}"
EndProject
Project("{FAE04EC0-301F-11D3-BF4B-00C04F79EFBC}") = "AnimatedGif", "AnimatedGif\Plugin\AnimatedGif.csproj", "{8CCDC380-259C-41BC-86EF-826DFF7A7A46}"
EndProject
Project("{FAE04EC0-301F-11D3-BF4B-00C04F79EFBC}") = "Email", "Email\Email.csproj", "{0BB64436-04DC-4D67-B385-892F2FD20EA6}"
EndProject
Project("{FAE04EC0-301F-11D3-BF4B-00C04F79EFBC}") = "AviFormat", "AviFormat\AviFormat.csproj", "{11FDC48F-FD62-4BEC-B21D-C3722996DAA5}"
EndProject
Project("{FAE04EC0-301F-11D3-BF4B-00C04F79EFBC}") = "OneNote", "OneNote\OneNote.csproj", "{D3C342D3-A10A-4AAF-A16E-8B66ED93E91D}"
EndProject
Project("{FAE04EC0-301F-11D3-BF4B-00C04F79EFBC}") = "Flickr", "Flickr\Flickr.csproj", "{75E4EF73-D1B0-486E-982B-B3B492E5642B}"
EndProject
Project("{FAE04EC0-301F-11D3-BF4B-00C04F79EFBC}") = "S3", "S3\S3.csproj", "{341A7D6E-783B-48D3-9FA3-39A0581A40ED}"
EndProject
Project("{FAE04EC0-301F-11D3-BF4B-00C04F79EFBC}") = "TFSWorkItem", "TFSWorkItem\TFSWorkItem.csproj", "{3D524BF5-8CF8-4586-A6A3-49F767A44794}"
EndProject
Project("{FAE04EC0-301F-11D3-BF4B-00C04F79EFBC}") = "Imgur", "Imgur\Imgur.csproj", "{0C9F6C4A-0D51-4A74-91F0-363B55FA47C5}"
EndProject
Project("{FAE04EC0-301F-11D3-BF4B-00C04F79EFBC}") = "PaintDotNet", "Paint.NET\PaintDotNet.csproj", "{B60EEA44-A7D4-4527-B9DC-DB4072B9A527}"
EndProject
Project("{FAE04EC0-301F-11D3-BF4B-00C04F79EFBC}") = "ImageShack", "ImageShack\ImageShack.csproj", "{1C7C2CF8-A342-42DF-9CAF-13F06346ECDA}"
EndProject
Project("{FAE04EC0-301F-11D3-BF4B-00C04F79EFBC}") = "TwitPic", "TwitPic\TwitPic.csproj", "{E0B2EC2A-C9E0-46A8-91EC-5CF3CEC08BD7}"
EndProject
Project("{FAE04EC0-301F-11D3-BF4B-00C04F79EFBC}") = "Twitter", "Twitter\Twitter.csproj", "{1C12F08B-D50C-4AFF-9065-09DFDCF61AE5}"
EndProject
Project("{FAE04EC0-301F-11D3-BF4B-00C04F79EFBC}") = "Picasa", "Picasa\Picasa.csproj", "{2DABAA16-8B10-473B-BF99-8E9FBA7E7315}"
EndProject
Project("{FAE04EC0-301F-11D3-BF4B-00C04F79EFBC}") = "Facebook", "Facebook\Facebook.csproj", "{E67ACFE8-8262-4BE2-ABC6-2440929AC618}"
EndProject
Project("{FAE04EC0-301F-11D3-BF4B-00C04F79EFBC}") = "Common", "Common\Common.csproj", "{8CEF0116-5212-4C1C-90B7-2FD884CFFC73}"
EndProject
Global
	GlobalSection(SolutionConfigurationPlatforms) = preSolution
		AutomatedDebug|Any CPU = AutomatedDebug|Any CPU
		AutomatedDebug|x86 = AutomatedDebug|x86
		AutomatedRelease|Any CPU = AutomatedRelease|Any CPU
		AutomatedRelease|x86 = AutomatedRelease|x86
		Debug|Any CPU = Debug|Any CPU
		Debug|x86 = Debug|x86
		Release|Any CPU = Release|Any CPU
		Release|x86 = Release|x86
	EndGlobalSection
	GlobalSection(ProjectConfigurationPlatforms) = postSolution
		{36BF73E8-11B4-4906-98ED-2BF8023ACDE5}.AutomatedDebug|Any CPU.ActiveCfg = Debug|Any CPU
		{36BF73E8-11B4-4906-98ED-2BF8023ACDE5}.AutomatedDebug|Any CPU.Build.0 = Debug|Any CPU
		{36BF73E8-11B4-4906-98ED-2BF8023ACDE5}.AutomatedDebug|x86.ActiveCfg = Debug|x86
		{36BF73E8-11B4-4906-98ED-2BF8023ACDE5}.AutomatedDebug|x86.Build.0 = Debug|x86
		{36BF73E8-11B4-4906-98ED-2BF8023ACDE5}.AutomatedRelease|Any CPU.ActiveCfg = Release|Any CPU
		{36BF73E8-11B4-4906-98ED-2BF8023ACDE5}.AutomatedRelease|Any CPU.Build.0 = Release|Any CPU
		{36BF73E8-11B4-4906-98ED-2BF8023ACDE5}.AutomatedRelease|x86.ActiveCfg = Release|x86
		{36BF73E8-11B4-4906-98ED-2BF8023ACDE5}.AutomatedRelease|x86.Build.0 = Release|x86
		{36BF73E8-11B4-4906-98ED-2BF8023ACDE5}.Debug|Any CPU.ActiveCfg = Debug|Any CPU
		{36BF73E8-11B4-4906-98ED-2BF8023ACDE5}.Debug|Any CPU.Build.0 = Debug|Any CPU
		{36BF73E8-11B4-4906-98ED-2BF8023ACDE5}.Debug|x86.ActiveCfg = Debug|x86
		{36BF73E8-11B4-4906-98ED-2BF8023ACDE5}.Debug|x86.Build.0 = Debug|x86
		{36BF73E8-11B4-4906-98ED-2BF8023ACDE5}.Release|Any CPU.ActiveCfg = Release|Any CPU
		{36BF73E8-11B4-4906-98ED-2BF8023ACDE5}.Release|Any CPU.Build.0 = Release|Any CPU
		{36BF73E8-11B4-4906-98ED-2BF8023ACDE5}.Release|x86.ActiveCfg = Release|x86
		{36BF73E8-11B4-4906-98ED-2BF8023ACDE5}.Release|x86.Build.0 = Release|x86
		{8CCDC380-259C-41BC-86EF-826DFF7A7A46}.AutomatedDebug|Any CPU.ActiveCfg = Debug|Any CPU
		{8CCDC380-259C-41BC-86EF-826DFF7A7A46}.AutomatedDebug|Any CPU.Build.0 = Debug|Any CPU
		{8CCDC380-259C-41BC-86EF-826DFF7A7A46}.AutomatedDebug|x86.ActiveCfg = Debug|x86
		{8CCDC380-259C-41BC-86EF-826DFF7A7A46}.AutomatedDebug|x86.Build.0 = Debug|x86
		{8CCDC380-259C-41BC-86EF-826DFF7A7A46}.AutomatedRelease|Any CPU.ActiveCfg = Release|Any CPU
		{8CCDC380-259C-41BC-86EF-826DFF7A7A46}.AutomatedRelease|Any CPU.Build.0 = Release|Any CPU
		{8CCDC380-259C-41BC-86EF-826DFF7A7A46}.AutomatedRelease|x86.ActiveCfg = Release|x86
		{8CCDC380-259C-41BC-86EF-826DFF7A7A46}.AutomatedRelease|x86.Build.0 = Release|x86
		{8CCDC380-259C-41BC-86EF-826DFF7A7A46}.Debug|Any CPU.ActiveCfg = Debug|Any CPU
		{8CCDC380-259C-41BC-86EF-826DFF7A7A46}.Debug|Any CPU.Build.0 = Debug|Any CPU
		{8CCDC380-259C-41BC-86EF-826DFF7A7A46}.Debug|x86.ActiveCfg = Debug|x86
		{8CCDC380-259C-41BC-86EF-826DFF7A7A46}.Debug|x86.Build.0 = Debug|x86
		{8CCDC380-259C-41BC-86EF-826DFF7A7A46}.Release|Any CPU.ActiveCfg = Release|Any CPU
		{8CCDC380-259C-41BC-86EF-826DFF7A7A46}.Release|Any CPU.Build.0 = Release|Any CPU
		{8CCDC380-259C-41BC-86EF-826DFF7A7A46}.Release|x86.ActiveCfg = Release|x86
		{8CCDC380-259C-41BC-86EF-826DFF7A7A46}.Release|x86.Build.0 = Release|x86
		{0BB64436-04DC-4D67-B385-892F2FD20EA6}.AutomatedDebug|Any CPU.ActiveCfg = Debug|Any CPU
		{0BB64436-04DC-4D67-B385-892F2FD20EA6}.AutomatedDebug|Any CPU.Build.0 = Debug|Any CPU
		{0BB64436-04DC-4D67-B385-892F2FD20EA6}.AutomatedDebug|x86.ActiveCfg = Debug|x86
		{0BB64436-04DC-4D67-B385-892F2FD20EA6}.AutomatedDebug|x86.Build.0 = Debug|x86
		{0BB64436-04DC-4D67-B385-892F2FD20EA6}.AutomatedRelease|Any CPU.ActiveCfg = Release|Any CPU
		{0BB64436-04DC-4D67-B385-892F2FD20EA6}.AutomatedRelease|Any CPU.Build.0 = Release|Any CPU
		{0BB64436-04DC-4D67-B385-892F2FD20EA6}.AutomatedRelease|x86.ActiveCfg = Release|x86
		{0BB64436-04DC-4D67-B385-892F2FD20EA6}.AutomatedRelease|x86.Build.0 = Release|x86
		{0BB64436-04DC-4D67-B385-892F2FD20EA6}.Debug|Any CPU.ActiveCfg = Debug|Any CPU
		{0BB64436-04DC-4D67-B385-892F2FD20EA6}.Debug|Any CPU.Build.0 = Debug|Any CPU
		{0BB64436-04DC-4D67-B385-892F2FD20EA6}.Debug|x86.ActiveCfg = Debug|x86
		{0BB64436-04DC-4D67-B385-892F2FD20EA6}.Debug|x86.Build.0 = Debug|x86
		{0BB64436-04DC-4D67-B385-892F2FD20EA6}.Release|Any CPU.ActiveCfg = Release|Any CPU
		{0BB64436-04DC-4D67-B385-892F2FD20EA6}.Release|Any CPU.Build.0 = Release|Any CPU
		{0BB64436-04DC-4D67-B385-892F2FD20EA6}.Release|x86.ActiveCfg = Release|x86
		{0BB64436-04DC-4D67-B385-892F2FD20EA6}.Release|x86.Build.0 = Release|x86
		{11FDC48F-FD62-4BEC-B21D-C3722996DAA5}.AutomatedDebug|Any CPU.ActiveCfg = AutomatedDebug|Any CPU
		{11FDC48F-FD62-4BEC-B21D-C3722996DAA5}.AutomatedDebug|Any CPU.Build.0 = AutomatedDebug|Any CPU
		{11FDC48F-FD62-4BEC-B21D-C3722996DAA5}.AutomatedDebug|x86.ActiveCfg = AutomatedDebug|x86
		{11FDC48F-FD62-4BEC-B21D-C3722996DAA5}.AutomatedDebug|x86.Build.0 = AutomatedDebug|x86
		{11FDC48F-FD62-4BEC-B21D-C3722996DAA5}.AutomatedRelease|Any CPU.ActiveCfg = AutomatedRelease|Any CPU
		{11FDC48F-FD62-4BEC-B21D-C3722996DAA5}.AutomatedRelease|Any CPU.Build.0 = AutomatedRelease|Any CPU
		{11FDC48F-FD62-4BEC-B21D-C3722996DAA5}.AutomatedRelease|x86.ActiveCfg = AutomatedRelease|x86
		{11FDC48F-FD62-4BEC-B21D-C3722996DAA5}.AutomatedRelease|x86.Build.0 = AutomatedRelease|x86
		{11FDC48F-FD62-4BEC-B21D-C3722996DAA5}.Debug|Any CPU.ActiveCfg = Debug|Any CPU
		{11FDC48F-FD62-4BEC-B21D-C3722996DAA5}.Debug|Any CPU.Build.0 = Debug|Any CPU
		{11FDC48F-FD62-4BEC-B21D-C3722996DAA5}.Debug|x86.ActiveCfg = Debug|x86
		{11FDC48F-FD62-4BEC-B21D-C3722996DAA5}.Debug|x86.Build.0 = Debug|x86
		{11FDC48F-FD62-4BEC-B21D-C3722996DAA5}.Release|Any CPU.ActiveCfg = Release|Any CPU
		{11FDC48F-FD62-4BEC-B21D-C3722996DAA5}.Release|Any CPU.Build.0 = Release|Any CPU
		{11FDC48F-FD62-4BEC-B21D-C3722996DAA5}.Release|x86.ActiveCfg = Release|x86
		{11FDC48F-FD62-4BEC-B21D-C3722996DAA5}.Release|x86.Build.0 = Release|x86
		{D3C342D3-A10A-4AAF-A16E-8B66ED93E91D}.AutomatedDebug|Any CPU.ActiveCfg = Debug|Any CPU
		{D3C342D3-A10A-4AAF-A16E-8B66ED93E91D}.AutomatedDebug|Any CPU.Build.0 = Debug|Any CPU
		{D3C342D3-A10A-4AAF-A16E-8B66ED93E91D}.AutomatedDebug|x86.ActiveCfg = Debug|x86
		{D3C342D3-A10A-4AAF-A16E-8B66ED93E91D}.AutomatedDebug|x86.Build.0 = Debug|x86
		{D3C342D3-A10A-4AAF-A16E-8B66ED93E91D}.AutomatedRelease|Any CPU.ActiveCfg = Release|Any CPU
		{D3C342D3-A10A-4AAF-A16E-8B66ED93E91D}.AutomatedRelease|Any CPU.Build.0 = Release|Any CPU
		{D3C342D3-A10A-4AAF-A16E-8B66ED93E91D}.AutomatedRelease|x86.ActiveCfg = Release|x86
		{D3C342D3-A10A-4AAF-A16E-8B66ED93E91D}.AutomatedRelease|x86.Build.0 = Release|x86
		{D3C342D3-A10A-4AAF-A16E-8B66ED93E91D}.Debug|Any CPU.ActiveCfg = Debug|Any CPU
		{D3C342D3-A10A-4AAF-A16E-8B66ED93E91D}.Debug|Any CPU.Build.0 = Debug|Any CPU
		{D3C342D3-A10A-4AAF-A16E-8B66ED93E91D}.Debug|x86.ActiveCfg = Debug|x86
		{D3C342D3-A10A-4AAF-A16E-8B66ED93E91D}.Debug|x86.Build.0 = Debug|x86
		{D3C342D3-A10A-4AAF-A16E-8B66ED93E91D}.Release|Any CPU.ActiveCfg = Release|Any CPU
		{D3C342D3-A10A-4AAF-A16E-8B66ED93E91D}.Release|Any CPU.Build.0 = Release|Any CPU
		{D3C342D3-A10A-4AAF-A16E-8B66ED93E91D}.Release|x86.ActiveCfg = Release|x86
		{D3C342D3-A10A-4AAF-A16E-8B66ED93E91D}.Release|x86.Build.0 = Release|x86
		{75E4EF73-D1B0-486E-982B-B3B492E5642B}.AutomatedDebug|Any CPU.ActiveCfg = Debug|Any CPU
		{75E4EF73-D1B0-486E-982B-B3B492E5642B}.AutomatedDebug|Any CPU.Build.0 = Debug|Any CPU
		{75E4EF73-D1B0-486E-982B-B3B492E5642B}.AutomatedDebug|x86.ActiveCfg = Debug|x86
		{75E4EF73-D1B0-486E-982B-B3B492E5642B}.AutomatedDebug|x86.Build.0 = Debug|x86
		{75E4EF73-D1B0-486E-982B-B3B492E5642B}.AutomatedRelease|Any CPU.ActiveCfg = Release|Any CPU
		{75E4EF73-D1B0-486E-982B-B3B492E5642B}.AutomatedRelease|Any CPU.Build.0 = Release|Any CPU
		{75E4EF73-D1B0-486E-982B-B3B492E5642B}.AutomatedRelease|x86.ActiveCfg = Release|x86
		{75E4EF73-D1B0-486E-982B-B3B492E5642B}.AutomatedRelease|x86.Build.0 = Release|x86
		{75E4EF73-D1B0-486E-982B-B3B492E5642B}.Debug|Any CPU.ActiveCfg = Debug|Any CPU
		{75E4EF73-D1B0-486E-982B-B3B492E5642B}.Debug|Any CPU.Build.0 = Debug|Any CPU
		{75E4EF73-D1B0-486E-982B-B3B492E5642B}.Debug|x86.ActiveCfg = Debug|x86
		{75E4EF73-D1B0-486E-982B-B3B492E5642B}.Debug|x86.Build.0 = Debug|x86
		{75E4EF73-D1B0-486E-982B-B3B492E5642B}.Release|Any CPU.ActiveCfg = Release|Any CPU
		{75E4EF73-D1B0-486E-982B-B3B492E5642B}.Release|Any CPU.Build.0 = Release|Any CPU
		{75E4EF73-D1B0-486E-982B-B3B492E5642B}.Release|x86.ActiveCfg = Release|x86
		{75E4EF73-D1B0-486E-982B-B3B492E5642B}.Release|x86.Build.0 = Release|x86
		{341A7D6E-783B-48D3-9FA3-39A0581A40ED}.AutomatedDebug|Any CPU.ActiveCfg = Debug|Any CPU
		{341A7D6E-783B-48D3-9FA3-39A0581A40ED}.AutomatedDebug|Any CPU.Build.0 = Debug|Any CPU
		{341A7D6E-783B-48D3-9FA3-39A0581A40ED}.AutomatedDebug|x86.ActiveCfg = Debug|x86
		{341A7D6E-783B-48D3-9FA3-39A0581A40ED}.AutomatedDebug|x86.Build.0 = Debug|x86
		{341A7D6E-783B-48D3-9FA3-39A0581A40ED}.AutomatedRelease|Any CPU.ActiveCfg = Release|Any CPU
		{341A7D6E-783B-48D3-9FA3-39A0581A40ED}.AutomatedRelease|Any CPU.Build.0 = Release|Any CPU
		{341A7D6E-783B-48D3-9FA3-39A0581A40ED}.AutomatedRelease|x86.ActiveCfg = Release|x86
		{341A7D6E-783B-48D3-9FA3-39A0581A40ED}.AutomatedRelease|x86.Build.0 = Release|x86
		{341A7D6E-783B-48D3-9FA3-39A0581A40ED}.Debug|Any CPU.ActiveCfg = Debug|Any CPU
		{341A7D6E-783B-48D3-9FA3-39A0581A40ED}.Debug|Any CPU.Build.0 = Debug|Any CPU
		{341A7D6E-783B-48D3-9FA3-39A0581A40ED}.Debug|x86.ActiveCfg = Debug|x86
		{341A7D6E-783B-48D3-9FA3-39A0581A40ED}.Debug|x86.Build.0 = Debug|x86
		{341A7D6E-783B-48D3-9FA3-39A0581A40ED}.Release|Any CPU.ActiveCfg = Release|Any CPU
		{341A7D6E-783B-48D3-9FA3-39A0581A40ED}.Release|Any CPU.Build.0 = Release|Any CPU
		{341A7D6E-783B-48D3-9FA3-39A0581A40ED}.Release|x86.ActiveCfg = Release|x86
		{341A7D6E-783B-48D3-9FA3-39A0581A40ED}.Release|x86.Build.0 = Release|x86
		{3D524BF5-8CF8-4586-A6A3-49F767A44794}.AutomatedDebug|Any CPU.ActiveCfg = Debug|Any CPU
		{3D524BF5-8CF8-4586-A6A3-49F767A44794}.AutomatedDebug|Any CPU.Build.0 = Debug|Any CPU
		{3D524BF5-8CF8-4586-A6A3-49F767A44794}.AutomatedDebug|x86.ActiveCfg = Debug|x86
		{3D524BF5-8CF8-4586-A6A3-49F767A44794}.AutomatedDebug|x86.Build.0 = Debug|x86
		{3D524BF5-8CF8-4586-A6A3-49F767A44794}.AutomatedRelease|Any CPU.ActiveCfg = Release|Any CPU
		{3D524BF5-8CF8-4586-A6A3-49F767A44794}.AutomatedRelease|Any CPU.Build.0 = Release|Any CPU
		{3D524BF5-8CF8-4586-A6A3-49F767A44794}.AutomatedRelease|x86.ActiveCfg = Release|x86
		{3D524BF5-8CF8-4586-A6A3-49F767A44794}.AutomatedRelease|x86.Build.0 = Release|x86
		{3D524BF5-8CF8-4586-A6A3-49F767A44794}.Debug|Any CPU.ActiveCfg = Debug|Any CPU
		{3D524BF5-8CF8-4586-A6A3-49F767A44794}.Debug|Any CPU.Build.0 = Debug|Any CPU
		{3D524BF5-8CF8-4586-A6A3-49F767A44794}.Debug|x86.ActiveCfg = Debug|x86
		{3D524BF5-8CF8-4586-A6A3-49F767A44794}.Debug|x86.Build.0 = Debug|x86
		{3D524BF5-8CF8-4586-A6A3-49F767A44794}.Release|Any CPU.ActiveCfg = Release|Any CPU
		{3D524BF5-8CF8-4586-A6A3-49F767A44794}.Release|Any CPU.Build.0 = Release|Any CPU
		{3D524BF5-8CF8-4586-A6A3-49F767A44794}.Release|x86.ActiveCfg = Release|x86
		{3D524BF5-8CF8-4586-A6A3-49F767A44794}.Release|x86.Build.0 = Release|x86
		{0C9F6C4A-0D51-4A74-91F0-363B55FA47C5}.AutomatedDebug|Any CPU.ActiveCfg = Debug|Any CPU
		{0C9F6C4A-0D51-4A74-91F0-363B55FA47C5}.AutomatedDebug|Any CPU.Build.0 = Debug|Any CPU
		{0C9F6C4A-0D51-4A74-91F0-363B55FA47C5}.AutomatedDebug|x86.ActiveCfg = Debug|x86
		{0C9F6C4A-0D51-4A74-91F0-363B55FA47C5}.AutomatedDebug|x86.Build.0 = Debug|x86
		{0C9F6C4A-0D51-4A74-91F0-363B55FA47C5}.AutomatedRelease|Any CPU.ActiveCfg = Release|Any CPU
		{0C9F6C4A-0D51-4A74-91F0-363B55FA47C5}.AutomatedRelease|Any CPU.Build.0 = Release|Any CPU
		{0C9F6C4A-0D51-4A74-91F0-363B55FA47C5}.AutomatedRelease|x86.ActiveCfg = Release|x86
		{0C9F6C4A-0D51-4A74-91F0-363B55FA47C5}.AutomatedRelease|x86.Build.0 = Release|x86
		{0C9F6C4A-0D51-4A74-91F0-363B55FA47C5}.Debug|Any CPU.ActiveCfg = Debug|Any CPU
		{0C9F6C4A-0D51-4A74-91F0-363B55FA47C5}.Debug|Any CPU.Build.0 = Debug|Any CPU
		{0C9F6C4A-0D51-4A74-91F0-363B55FA47C5}.Debug|x86.ActiveCfg = Debug|x86
		{0C9F6C4A-0D51-4A74-91F0-363B55FA47C5}.Debug|x86.Build.0 = Debug|x86
		{0C9F6C4A-0D51-4A74-91F0-363B55FA47C5}.Release|Any CPU.ActiveCfg = Release|Any CPU
		{0C9F6C4A-0D51-4A74-91F0-363B55FA47C5}.Release|Any CPU.Build.0 = Release|Any CPU
		{0C9F6C4A-0D51-4A74-91F0-363B55FA47C5}.Release|x86.ActiveCfg = Release|x86
		{0C9F6C4A-0D51-4A74-91F0-363B55FA47C5}.Release|x86.Build.0 = Release|x86
		{B60EEA44-A7D4-4527-B9DC-DB4072B9A527}.AutomatedDebug|Any CPU.ActiveCfg = Debug|Any CPU
		{B60EEA44-A7D4-4527-B9DC-DB4072B9A527}.AutomatedDebug|Any CPU.Build.0 = Debug|Any CPU
		{B60EEA44-A7D4-4527-B9DC-DB4072B9A527}.AutomatedDebug|x86.ActiveCfg = Debug|x86
		{B60EEA44-A7D4-4527-B9DC-DB4072B9A527}.AutomatedDebug|x86.Build.0 = Debug|x86
		{B60EEA44-A7D4-4527-B9DC-DB4072B9A527}.AutomatedRelease|Any CPU.ActiveCfg = Release|Any CPU
		{B60EEA44-A7D4-4527-B9DC-DB4072B9A527}.AutomatedRelease|Any CPU.Build.0 = Release|Any CPU
		{B60EEA44-A7D4-4527-B9DC-DB4072B9A527}.AutomatedRelease|x86.ActiveCfg = Release|x86
		{B60EEA44-A7D4-4527-B9DC-DB4072B9A527}.AutomatedRelease|x86.Build.0 = Release|x86
		{B60EEA44-A7D4-4527-B9DC-DB4072B9A527}.Debug|Any CPU.ActiveCfg = Debug|Any CPU
		{B60EEA44-A7D4-4527-B9DC-DB4072B9A527}.Debug|Any CPU.Build.0 = Debug|Any CPU
		{B60EEA44-A7D4-4527-B9DC-DB4072B9A527}.Debug|x86.ActiveCfg = Debug|x86
		{B60EEA44-A7D4-4527-B9DC-DB4072B9A527}.Debug|x86.Build.0 = Debug|x86
		{B60EEA44-A7D4-4527-B9DC-DB4072B9A527}.Release|Any CPU.ActiveCfg = Release|Any CPU
		{B60EEA44-A7D4-4527-B9DC-DB4072B9A527}.Release|Any CPU.Build.0 = Release|Any CPU
		{B60EEA44-A7D4-4527-B9DC-DB4072B9A527}.Release|x86.ActiveCfg = Release|x86
		{B60EEA44-A7D4-4527-B9DC-DB4072B9A527}.Release|x86.Build.0 = Release|x86
		{1C7C2CF8-A342-42DF-9CAF-13F06346ECDA}.AutomatedDebug|Any CPU.ActiveCfg = Debug|Any CPU
		{1C7C2CF8-A342-42DF-9CAF-13F06346ECDA}.AutomatedDebug|Any CPU.Build.0 = Debug|Any CPU
		{1C7C2CF8-A342-42DF-9CAF-13F06346ECDA}.AutomatedDebug|x86.ActiveCfg = Debug|x86
		{1C7C2CF8-A342-42DF-9CAF-13F06346ECDA}.AutomatedDebug|x86.Build.0 = Debug|x86
		{1C7C2CF8-A342-42DF-9CAF-13F06346ECDA}.AutomatedRelease|Any CPU.ActiveCfg = Release|Any CPU
		{1C7C2CF8-A342-42DF-9CAF-13F06346ECDA}.AutomatedRelease|Any CPU.Build.0 = Release|Any CPU
		{1C7C2CF8-A342-42DF-9CAF-13F06346ECDA}.AutomatedRelease|x86.ActiveCfg = Release|x86
		{1C7C2CF8-A342-42DF-9CAF-13F06346ECDA}.AutomatedRelease|x86.Build.0 = Release|x86
		{1C7C2CF8-A342-42DF-9CAF-13F06346ECDA}.Debug|Any CPU.ActiveCfg = Debug|Any CPU
		{1C7C2CF8-A342-42DF-9CAF-13F06346ECDA}.Debug|Any CPU.Build.0 = Debug|Any CPU
		{1C7C2CF8-A342-42DF-9CAF-13F06346ECDA}.Debug|x86.ActiveCfg = Debug|x86
		{1C7C2CF8-A342-42DF-9CAF-13F06346ECDA}.Debug|x86.Build.0 = Debug|x86
		{1C7C2CF8-A342-42DF-9CAF-13F06346ECDA}.Release|Any CPU.ActiveCfg = Release|Any CPU
		{1C7C2CF8-A342-42DF-9CAF-13F06346ECDA}.Release|Any CPU.Build.0 = Release|Any CPU
		{1C7C2CF8-A342-42DF-9CAF-13F06346ECDA}.Release|x86.ActiveCfg = Release|x86
		{1C7C2CF8-A342-42DF-9CAF-13F06346ECDA}.Release|x86.Build.0 = Release|x86
		{E0B2EC2A-C9E0-46A8-91EC-5CF3CEC08BD7}.AutomatedDebug|Any CPU.ActiveCfg = Debug|Any CPU
		{E0B2EC2A-C9E0-46A8-91EC-5CF3CEC08BD7}.AutomatedDebug|Any CPU.Build.0 = Debug|Any CPU
		{E0B2EC2A-C9E0-46A8-91EC-5CF3CEC08BD7}.AutomatedDebug|x86.ActiveCfg = Debug|x86
		{E0B2EC2A-C9E0-46A8-91EC-5CF3CEC08BD7}.AutomatedDebug|x86.Build.0 = Debug|x86
		{E0B2EC2A-C9E0-46A8-91EC-5CF3CEC08BD7}.AutomatedRelease|Any CPU.ActiveCfg = Release|Any CPU
		{E0B2EC2A-C9E0-46A8-91EC-5CF3CEC08BD7}.AutomatedRelease|Any CPU.Build.0 = Release|Any CPU
		{E0B2EC2A-C9E0-46A8-91EC-5CF3CEC08BD7}.AutomatedRelease|x86.ActiveCfg = Release|x86
		{E0B2EC2A-C9E0-46A8-91EC-5CF3CEC08BD7}.AutomatedRelease|x86.Build.0 = Release|x86
		{E0B2EC2A-C9E0-46A8-91EC-5CF3CEC08BD7}.Debug|Any CPU.ActiveCfg = Debug|Any CPU
		{E0B2EC2A-C9E0-46A8-91EC-5CF3CEC08BD7}.Debug|Any CPU.Build.0 = Debug|Any CPU
		{E0B2EC2A-C9E0-46A8-91EC-5CF3CEC08BD7}.Debug|x86.ActiveCfg = Debug|x86
		{E0B2EC2A-C9E0-46A8-91EC-5CF3CEC08BD7}.Debug|x86.Build.0 = Debug|x86
		{E0B2EC2A-C9E0-46A8-91EC-5CF3CEC08BD7}.Release|Any CPU.ActiveCfg = Release|Any CPU
		{E0B2EC2A-C9E0-46A8-91EC-5CF3CEC08BD7}.Release|Any CPU.Build.0 = Release|Any CPU
		{E0B2EC2A-C9E0-46A8-91EC-5CF3CEC08BD7}.Release|x86.ActiveCfg = Release|x86
		{E0B2EC2A-C9E0-46A8-91EC-5CF3CEC08BD7}.Release|x86.Build.0 = Release|x86
		{1C12F08B-D50C-4AFF-9065-09DFDCF61AE5}.AutomatedDebug|Any CPU.ActiveCfg = Debug|Any CPU
		{1C12F08B-D50C-4AFF-9065-09DFDCF61AE5}.AutomatedDebug|Any CPU.Build.0 = Debug|Any CPU
		{1C12F08B-D50C-4AFF-9065-09DFDCF61AE5}.AutomatedDebug|x86.ActiveCfg = Debug|x86
		{1C12F08B-D50C-4AFF-9065-09DFDCF61AE5}.AutomatedDebug|x86.Build.0 = Debug|x86
		{1C12F08B-D50C-4AFF-9065-09DFDCF61AE5}.AutomatedRelease|Any CPU.ActiveCfg = Release|Any CPU
		{1C12F08B-D50C-4AFF-9065-09DFDCF61AE5}.AutomatedRelease|Any CPU.Build.0 = Release|Any CPU
		{1C12F08B-D50C-4AFF-9065-09DFDCF61AE5}.AutomatedRelease|x86.ActiveCfg = Release|x86
		{1C12F08B-D50C-4AFF-9065-09DFDCF61AE5}.AutomatedRelease|x86.Build.0 = Release|x86
		{1C12F08B-D50C-4AFF-9065-09DFDCF61AE5}.Debug|Any CPU.ActiveCfg = Debug|Any CPU
		{1C12F08B-D50C-4AFF-9065-09DFDCF61AE5}.Debug|Any CPU.Build.0 = Debug|Any CPU
		{1C12F08B-D50C-4AFF-9065-09DFDCF61AE5}.Debug|x86.ActiveCfg = Debug|x86
		{1C12F08B-D50C-4AFF-9065-09DFDCF61AE5}.Debug|x86.Build.0 = Debug|x86
		{1C12F08B-D50C-4AFF-9065-09DFDCF61AE5}.Release|Any CPU.ActiveCfg = Release|Any CPU
		{1C12F08B-D50C-4AFF-9065-09DFDCF61AE5}.Release|Any CPU.Build.0 = Release|Any CPU
		{1C12F08B-D50C-4AFF-9065-09DFDCF61AE5}.Release|x86.ActiveCfg = Release|x86
		{1C12F08B-D50C-4AFF-9065-09DFDCF61AE5}.Release|x86.Build.0 = Release|x86
		{2DABAA16-8B10-473B-BF99-8E9FBA7E7315}.AutomatedDebug|Any CPU.ActiveCfg = Debug|Any CPU
		{2DABAA16-8B10-473B-BF99-8E9FBA7E7315}.AutomatedDebug|Any CPU.Build.0 = Debug|Any CPU
		{2DABAA16-8B10-473B-BF99-8E9FBA7E7315}.AutomatedDebug|x86.ActiveCfg = Debug|x86
		{2DABAA16-8B10-473B-BF99-8E9FBA7E7315}.AutomatedDebug|x86.Build.0 = Debug|x86
		{2DABAA16-8B10-473B-BF99-8E9FBA7E7315}.AutomatedRelease|Any CPU.ActiveCfg = Release|Any CPU
		{2DABAA16-8B10-473B-BF99-8E9FBA7E7315}.AutomatedRelease|Any CPU.Build.0 = Release|Any CPU
		{2DABAA16-8B10-473B-BF99-8E9FBA7E7315}.AutomatedRelease|x86.ActiveCfg = Release|x86
		{2DABAA16-8B10-473B-BF99-8E9FBA7E7315}.AutomatedRelease|x86.Build.0 = Release|x86
		{2DABAA16-8B10-473B-BF99-8E9FBA7E7315}.Debug|Any CPU.ActiveCfg = Debug|Any CPU
		{2DABAA16-8B10-473B-BF99-8E9FBA7E7315}.Debug|Any CPU.Build.0 = Debug|Any CPU
		{2DABAA16-8B10-473B-BF99-8E9FBA7E7315}.Debug|x86.ActiveCfg = Debug|x86
		{2DABAA16-8B10-473B-BF99-8E9FBA7E7315}.Debug|x86.Build.0 = Debug|x86
		{2DABAA16-8B10-473B-BF99-8E9FBA7E7315}.Release|Any CPU.ActiveCfg = Release|Any CPU
		{2DABAA16-8B10-473B-BF99-8E9FBA7E7315}.Release|Any CPU.Build.0 = Release|Any CPU
		{2DABAA16-8B10-473B-BF99-8E9FBA7E7315}.Release|x86.ActiveCfg = Release|x86
		{2DABAA16-8B10-473B-BF99-8E9FBA7E7315}.Release|x86.Build.0 = Release|x86
		{E67ACFE8-8262-4BE2-ABC6-2440929AC618}.AutomatedDebug|Any CPU.ActiveCfg = Debug|Any CPU
		{E67ACFE8-8262-4BE2-ABC6-2440929AC618}.AutomatedDebug|Any CPU.Build.0 = Debug|Any CPU
		{E67ACFE8-8262-4BE2-ABC6-2440929AC618}.AutomatedDebug|x86.ActiveCfg = Debug|x86
		{E67ACFE8-8262-4BE2-ABC6-2440929AC618}.AutomatedDebug|x86.Build.0 = Debug|x86
		{E67ACFE8-8262-4BE2-ABC6-2440929AC618}.AutomatedRelease|Any CPU.ActiveCfg = Release|Any CPU
		{E67ACFE8-8262-4BE2-ABC6-2440929AC618}.AutomatedRelease|Any CPU.Build.0 = Release|Any CPU
		{E67ACFE8-8262-4BE2-ABC6-2440929AC618}.AutomatedRelease|x86.ActiveCfg = Release|x86
		{E67ACFE8-8262-4BE2-ABC6-2440929AC618}.AutomatedRelease|x86.Build.0 = Release|x86
		{E67ACFE8-8262-4BE2-ABC6-2440929AC618}.Debug|Any CPU.ActiveCfg = Debug|Any CPU
		{E67ACFE8-8262-4BE2-ABC6-2440929AC618}.Debug|Any CPU.Build.0 = Debug|Any CPU
		{E67ACFE8-8262-4BE2-ABC6-2440929AC618}.Debug|x86.ActiveCfg = Debug|x86
		{E67ACFE8-8262-4BE2-ABC6-2440929AC618}.Debug|x86.Build.0 = Debug|x86
		{E67ACFE8-8262-4BE2-ABC6-2440929AC618}.Release|Any CPU.ActiveCfg = Release|Any CPU
		{E67ACFE8-8262-4BE2-ABC6-2440929AC618}.Release|Any CPU.Build.0 = Release|Any CPU
		{E67ACFE8-8262-4BE2-ABC6-2440929AC618}.Release|x86.ActiveCfg = Release|x86
		{E67ACFE8-8262-4BE2-ABC6-2440929AC618}.Release|x86.Build.0 = Release|x86
		{8CEF0116-5212-4C1C-90B7-2FD884CFFC73}.AutomatedDebug|Any CPU.ActiveCfg = Debug|Any CPU
		{8CEF0116-5212-4C1C-90B7-2FD884CFFC73}.AutomatedDebug|Any CPU.Build.0 = Debug|Any CPU
		{8CEF0116-5212-4C1C-90B7-2FD884CFFC73}.AutomatedDebug|x86.ActiveCfg = Debug|x86
		{8CEF0116-5212-4C1C-90B7-2FD884CFFC73}.AutomatedDebug|x86.Build.0 = Debug|x86
		{8CEF0116-5212-4C1C-90B7-2FD884CFFC73}.AutomatedRelease|Any CPU.ActiveCfg = Release|Any CPU
		{8CEF0116-5212-4C1C-90B7-2FD884CFFC73}.AutomatedRelease|Any CPU.Build.0 = Release|Any CPU
		{8CEF0116-5212-4C1C-90B7-2FD884CFFC73}.AutomatedRelease|x86.ActiveCfg = Release|x86
		{8CEF0116-5212-4C1C-90B7-2FD884CFFC73}.AutomatedRelease|x86.Build.0 = Release|x86
		{8CEF0116-5212-4C1C-90B7-2FD884CFFC73}.Debug|Any CPU.ActiveCfg = Debug|Any CPU
		{8CEF0116-5212-4C1C-90B7-2FD884CFFC73}.Debug|Any CPU.Build.0 = Debug|Any CPU
		{8CEF0116-5212-4C1C-90B7-2FD884CFFC73}.Debug|x86.ActiveCfg = Debug|x86
		{8CEF0116-5212-4C1C-90B7-2FD884CFFC73}.Debug|x86.Build.0 = Debug|x86
		{8CEF0116-5212-4C1C-90B7-2FD884CFFC73}.Release|Any CPU.ActiveCfg = Release|Any CPU
		{8CEF0116-5212-4C1C-90B7-2FD884CFFC73}.Release|Any CPU.Build.0 = Release|Any CPU
		{8CEF0116-5212-4C1C-90B7-2FD884CFFC73}.Release|x86.ActiveCfg = Release|x86
		{8CEF0116-5212-4C1C-90B7-2FD884CFFC73}.Release|x86.Build.0 = Release|x86
	EndGlobalSection
	GlobalSection(SolutionProperties) = preSolution
		HideSolutionNode = FALSE
	EndGlobalSection
	GlobalSection(ExtensibilityGlobals) = postSolution
		SolutionGuid = {66079DFB-D92C-4683-8B63-751B177F32AE}
	EndGlobalSection
EndGlobal
