
Microsoft Visual Studio Solution File, Format Version 11.00
# Visual Studio 2010
Project("{2150E333-8FDC-42A3-9474-1A3956D46DE8}") = "Solution Items", "Solution Items", "{2914B695-4602-4F6C-A9A0-DBC5C0B1AFE9}"
	ProjectSection(SolutionItems) = preProject
		SolutionInfo.cs = SolutionInfo.cs
	EndProjectSection
EndProject
Project("{FAE04EC0-301F-11D3-BF4B-00C04F79EFBC}") = "Cropper.CountdownPng", "Cropper.CountdownPng\Cropper.CountdownPng.csproj", "{36BF73E8-11B4-4906-98ED-2BF8023ACDE5}"
EndProject
Project("{FAE04EC0-301F-11D3-BF4B-00C04F79EFBC}") = "Cropper.AnimatedGif", "Cropper.AnimatedGif\Plugin\Cropper.AnimatedGif.csproj", "{8CCDC380-259C-41BC-86EF-826DFF7A7A46}"
EndProject
Project("{FAE04EC0-301F-11D3-BF4B-00C04F79EFBC}") = "Cropper.SendToEmail", "Cropper.SendToEmail\Cropper.SendToEmail.csproj", "{0BB64436-04DC-4D67-B385-892F2FD20EA6}"
EndProject
Project("{FAE04EC0-301F-11D3-BF4B-00C04F79EFBC}") = "Cropper.AviFormat", "Cropper.AviFormat\Cropper.AviFormat.csproj", "{11FDC48F-FD62-4BEC-B21D-C3722996DAA5}"
EndProject
Project("{FAE04EC0-301F-11D3-BF4B-00C04F79EFBC}") = "Cropper.SendToOneNote", "Cropper.SendToOneNote\Cropper.SendToOneNote.csproj", "{D3C342D3-A10A-4AAF-A16E-8B66ED93E91D}"
EndProject
Project("{FAE04EC0-301F-11D3-BF4B-00C04F79EFBC}") = "Cropper.SendToFlickr", "Cropper.SendToFlickr\Cropper.SendToFlickr.csproj", "{75E4EF73-D1B0-486E-982B-B3B492E5642B}"
EndProject
Project("{FAE04EC0-301F-11D3-BF4B-00C04F79EFBC}") = "Cropper.SendToTinyPic", "Cropper.SendToTinyPic\Cropper.SendToTinyPic.csproj", "{380BE6B1-6D3F-48C9-89A8-DE0F32CC3252}"
EndProject
Project("{FAE04EC0-301F-11D3-BF4B-00C04F79EFBC}") = "Cropper.SendToS3", "Cropper.SendToS3\Cropper.SendToS3.csproj", "{341A7D6E-783B-48D3-9FA3-39A0581A40ED}"
EndProject
Project("{FAE04EC0-301F-11D3-BF4B-00C04F79EFBC}") = "Cropper.TFSWorkItem", "Cropper.TFSWorkItem\Cropper.TFSWorkItem.csproj", "{3D524BF5-8CF8-4586-A6A3-49F767A44794}"
EndProject
Project("{FAE04EC0-301F-11D3-BF4B-00C04F79EFBC}") = "Imgur", "Imgur\Imgur.csproj", "{0C9F6C4A-0D51-4A74-91F0-363B55FA47C5}"
EndProject
Project("{FAE04EC0-301F-11D3-BF4B-00C04F79EFBC}") = "PaintDotNet", "Paint.NET\PaintDotNet.csproj", "{B60EEA44-A7D4-4527-B9DC-DB4072B9A527}"
EndProject
Global
	GlobalSection(TeamFoundationVersionControl) = preSolution
		SccNumberOfProjects = 12
		SccEnterpriseProvider = {4CA58AB2-18FA-4F8D-95D4-32DDF27D184C}
		SccTeamFoundationServer = https://tfs.codeplex.com/tfs/tfs02
		SccLocalPath0 = .
		SccProjectUniqueName1 = Cropper.AnimatedGif\\Plugin\\Cropper.AnimatedGif.csproj
		SccProjectName1 = Cropper.AnimatedGif/Plugin
		SccLocalPath1 = Cropper.AnimatedGif\\Plugin
		SccProjectUniqueName2 = Cropper.AviFormat\\Cropper.AviFormat.csproj
		SccProjectName2 = Cropper.AviFormat
		SccLocalPath2 = Cropper.AviFormat
		SccProjectUniqueName3 = Cropper.CountdownPng\\Cropper.CountdownPng.csproj
		SccProjectName3 = Cropper.CountdownPng
		SccLocalPath3 = Cropper.CountdownPng
		SccProjectUniqueName4 = Cropper.SendToEmail\\Cropper.SendToEmail.csproj
		SccProjectName4 = Cropper.SendToEmail
		SccLocalPath4 = Cropper.SendToEmail
		SccProjectUniqueName5 = Cropper.SendToOneNote\\Cropper.SendToOneNote.csproj
		SccProjectName5 = Cropper.SendToOneNote
		SccLocalPath5 = Cropper.SendToOneNote
		SccProjectUniqueName6 = Cropper.SendToFlickr\\Cropper.SendToFlickr.csproj
		SccProjectName6 = Cropper.SendToFlickr
		SccLocalPath6 = Cropper.SendToFlickr
		SccProjectUniqueName7 = Cropper.SendToTinyPic\\Cropper.SendToTinyPic.csproj
		SccProjectName7 = Cropper.SendToTinyPic
		SccLocalPath7 = Cropper.SendToTinyPic
		SccProjectUniqueName8 = Cropper.SendToS3\\Cropper.SendToS3.csproj
		SccProjectName8 = Cropper.SendToS3
		SccLocalPath8 = Cropper.SendToS3
		SccProjectUniqueName9 = Cropper.TFSWorkItem\\Cropper.TFSWorkItem.csproj
		SccProjectName9 = Cropper.TFSWorkItem
		SccLocalPath9 = Cropper.TFSWorkItem
		SccProjectUniqueName10 = Imgur\\Imgur.csproj
		SccProjectName10 = Imgur
		SccLocalPath10 = Imgur
		SccProjectUniqueName11 = Paint.NET\\PaintDotNet.csproj
		SccProjectName11 = Paint.NET
		SccLocalPath11 = Paint.NET
	EndGlobalSection
	GlobalSection(SolutionConfigurationPlatforms) = preSolution
		AutomatedDebug|Any CPU = AutomatedDebug|Any CPU
		AutomatedRelease|Any CPU = AutomatedRelease|Any CPU
		Debug|Any CPU = Debug|Any CPU
		Release|Any CPU = Release|Any CPU
	EndGlobalSection
	GlobalSection(ProjectConfigurationPlatforms) = postSolution
		{36BF73E8-11B4-4906-98ED-2BF8023ACDE5}.AutomatedDebug|Any CPU.ActiveCfg = Debug|Any CPU
		{36BF73E8-11B4-4906-98ED-2BF8023ACDE5}.AutomatedDebug|Any CPU.Build.0 = Debug|Any CPU
		{36BF73E8-11B4-4906-98ED-2BF8023ACDE5}.AutomatedRelease|Any CPU.ActiveCfg = Release|Any CPU
		{36BF73E8-11B4-4906-98ED-2BF8023ACDE5}.AutomatedRelease|Any CPU.Build.0 = Release|Any CPU
		{36BF73E8-11B4-4906-98ED-2BF8023ACDE5}.Debug|Any CPU.ActiveCfg = Debug|Any CPU
		{36BF73E8-11B4-4906-98ED-2BF8023ACDE5}.Debug|Any CPU.Build.0 = Debug|Any CPU
		{36BF73E8-11B4-4906-98ED-2BF8023ACDE5}.Release|Any CPU.ActiveCfg = Release|Any CPU
		{36BF73E8-11B4-4906-98ED-2BF8023ACDE5}.Release|Any CPU.Build.0 = Release|Any CPU
		{8CCDC380-259C-41BC-86EF-826DFF7A7A46}.AutomatedDebug|Any CPU.ActiveCfg = Debug|Any CPU
		{8CCDC380-259C-41BC-86EF-826DFF7A7A46}.AutomatedDebug|Any CPU.Build.0 = Debug|Any CPU
		{8CCDC380-259C-41BC-86EF-826DFF7A7A46}.AutomatedRelease|Any CPU.ActiveCfg = Release|Any CPU
		{8CCDC380-259C-41BC-86EF-826DFF7A7A46}.AutomatedRelease|Any CPU.Build.0 = Release|Any CPU
		{8CCDC380-259C-41BC-86EF-826DFF7A7A46}.Debug|Any CPU.ActiveCfg = Debug|Any CPU
		{8CCDC380-259C-41BC-86EF-826DFF7A7A46}.Debug|Any CPU.Build.0 = Debug|Any CPU
		{8CCDC380-259C-41BC-86EF-826DFF7A7A46}.Release|Any CPU.ActiveCfg = Release|Any CPU
		{8CCDC380-259C-41BC-86EF-826DFF7A7A46}.Release|Any CPU.Build.0 = Release|Any CPU
		{0BB64436-04DC-4D67-B385-892F2FD20EA6}.AutomatedDebug|Any CPU.ActiveCfg = Debug|Any CPU
		{0BB64436-04DC-4D67-B385-892F2FD20EA6}.AutomatedDebug|Any CPU.Build.0 = Debug|Any CPU
		{0BB64436-04DC-4D67-B385-892F2FD20EA6}.AutomatedRelease|Any CPU.ActiveCfg = Release|Any CPU
		{0BB64436-04DC-4D67-B385-892F2FD20EA6}.AutomatedRelease|Any CPU.Build.0 = Release|Any CPU
		{0BB64436-04DC-4D67-B385-892F2FD20EA6}.Debug|Any CPU.ActiveCfg = Debug|Any CPU
		{0BB64436-04DC-4D67-B385-892F2FD20EA6}.Debug|Any CPU.Build.0 = Debug|Any CPU
		{0BB64436-04DC-4D67-B385-892F2FD20EA6}.Release|Any CPU.ActiveCfg = Release|Any CPU
		{0BB64436-04DC-4D67-B385-892F2FD20EA6}.Release|Any CPU.Build.0 = Release|Any CPU
		{11FDC48F-FD62-4BEC-B21D-C3722996DAA5}.AutomatedDebug|Any CPU.ActiveCfg = AutomatedDebug|Any CPU
		{11FDC48F-FD62-4BEC-B21D-C3722996DAA5}.AutomatedDebug|Any CPU.Build.0 = AutomatedDebug|Any CPU
		{11FDC48F-FD62-4BEC-B21D-C3722996DAA5}.AutomatedRelease|Any CPU.ActiveCfg = AutomatedRelease|Any CPU
		{11FDC48F-FD62-4BEC-B21D-C3722996DAA5}.AutomatedRelease|Any CPU.Build.0 = AutomatedRelease|Any CPU
		{11FDC48F-FD62-4BEC-B21D-C3722996DAA5}.Debug|Any CPU.ActiveCfg = Debug|Any CPU
		{11FDC48F-FD62-4BEC-B21D-C3722996DAA5}.Debug|Any CPU.Build.0 = Debug|Any CPU
		{11FDC48F-FD62-4BEC-B21D-C3722996DAA5}.Release|Any CPU.ActiveCfg = Release|Any CPU
		{11FDC48F-FD62-4BEC-B21D-C3722996DAA5}.Release|Any CPU.Build.0 = Release|Any CPU
		{D3C342D3-A10A-4AAF-A16E-8B66ED93E91D}.AutomatedDebug|Any CPU.ActiveCfg = Debug|Any CPU
		{D3C342D3-A10A-4AAF-A16E-8B66ED93E91D}.AutomatedDebug|Any CPU.Build.0 = Debug|Any CPU
		{D3C342D3-A10A-4AAF-A16E-8B66ED93E91D}.AutomatedRelease|Any CPU.ActiveCfg = Release|Any CPU
		{D3C342D3-A10A-4AAF-A16E-8B66ED93E91D}.AutomatedRelease|Any CPU.Build.0 = Release|Any CPU
		{D3C342D3-A10A-4AAF-A16E-8B66ED93E91D}.Debug|Any CPU.ActiveCfg = Debug|Any CPU
		{D3C342D3-A10A-4AAF-A16E-8B66ED93E91D}.Debug|Any CPU.Build.0 = Debug|Any CPU
		{D3C342D3-A10A-4AAF-A16E-8B66ED93E91D}.Release|Any CPU.ActiveCfg = Release|Any CPU
		{D3C342D3-A10A-4AAF-A16E-8B66ED93E91D}.Release|Any CPU.Build.0 = Release|Any CPU
		{75E4EF73-D1B0-486E-982B-B3B492E5642B}.AutomatedDebug|Any CPU.ActiveCfg = Debug|Any CPU
		{75E4EF73-D1B0-486E-982B-B3B492E5642B}.AutomatedDebug|Any CPU.Build.0 = Debug|Any CPU
		{75E4EF73-D1B0-486E-982B-B3B492E5642B}.AutomatedRelease|Any CPU.ActiveCfg = Release|Any CPU
		{75E4EF73-D1B0-486E-982B-B3B492E5642B}.AutomatedRelease|Any CPU.Build.0 = Release|Any CPU
		{75E4EF73-D1B0-486E-982B-B3B492E5642B}.Debug|Any CPU.ActiveCfg = Debug|Any CPU
		{75E4EF73-D1B0-486E-982B-B3B492E5642B}.Debug|Any CPU.Build.0 = Debug|Any CPU
		{75E4EF73-D1B0-486E-982B-B3B492E5642B}.Release|Any CPU.ActiveCfg = Release|Any CPU
		{75E4EF73-D1B0-486E-982B-B3B492E5642B}.Release|Any CPU.Build.0 = Release|Any CPU
		{380BE6B1-6D3F-48C9-89A8-DE0F32CC3252}.AutomatedDebug|Any CPU.ActiveCfg = Debug|Any CPU
		{380BE6B1-6D3F-48C9-89A8-DE0F32CC3252}.AutomatedDebug|Any CPU.Build.0 = Debug|Any CPU
		{380BE6B1-6D3F-48C9-89A8-DE0F32CC3252}.AutomatedRelease|Any CPU.ActiveCfg = Release|Any CPU
		{380BE6B1-6D3F-48C9-89A8-DE0F32CC3252}.AutomatedRelease|Any CPU.Build.0 = Release|Any CPU
		{380BE6B1-6D3F-48C9-89A8-DE0F32CC3252}.Debug|Any CPU.ActiveCfg = Debug|Any CPU
		{380BE6B1-6D3F-48C9-89A8-DE0F32CC3252}.Debug|Any CPU.Build.0 = Debug|Any CPU
		{380BE6B1-6D3F-48C9-89A8-DE0F32CC3252}.Release|Any CPU.ActiveCfg = Release|Any CPU
		{380BE6B1-6D3F-48C9-89A8-DE0F32CC3252}.Release|Any CPU.Build.0 = Release|Any CPU
		{341A7D6E-783B-48D3-9FA3-39A0581A40ED}.AutomatedDebug|Any CPU.ActiveCfg = Debug|Any CPU
		{341A7D6E-783B-48D3-9FA3-39A0581A40ED}.AutomatedDebug|Any CPU.Build.0 = Debug|Any CPU
		{341A7D6E-783B-48D3-9FA3-39A0581A40ED}.AutomatedRelease|Any CPU.ActiveCfg = Release|Any CPU
		{341A7D6E-783B-48D3-9FA3-39A0581A40ED}.AutomatedRelease|Any CPU.Build.0 = Release|Any CPU
		{341A7D6E-783B-48D3-9FA3-39A0581A40ED}.Debug|Any CPU.ActiveCfg = Debug|Any CPU
		{341A7D6E-783B-48D3-9FA3-39A0581A40ED}.Debug|Any CPU.Build.0 = Debug|Any CPU
		{341A7D6E-783B-48D3-9FA3-39A0581A40ED}.Release|Any CPU.ActiveCfg = Release|Any CPU
		{341A7D6E-783B-48D3-9FA3-39A0581A40ED}.Release|Any CPU.Build.0 = Release|Any CPU
		{3D524BF5-8CF8-4586-A6A3-49F767A44794}.AutomatedDebug|Any CPU.ActiveCfg = Debug|Any CPU
		{3D524BF5-8CF8-4586-A6A3-49F767A44794}.AutomatedDebug|Any CPU.Build.0 = Debug|Any CPU
		{3D524BF5-8CF8-4586-A6A3-49F767A44794}.AutomatedRelease|Any CPU.ActiveCfg = Release|Any CPU
		{3D524BF5-8CF8-4586-A6A3-49F767A44794}.AutomatedRelease|Any CPU.Build.0 = Release|Any CPU
		{3D524BF5-8CF8-4586-A6A3-49F767A44794}.Debug|Any CPU.ActiveCfg = Debug|Any CPU
		{3D524BF5-8CF8-4586-A6A3-49F767A44794}.Debug|Any CPU.Build.0 = Debug|Any CPU
		{3D524BF5-8CF8-4586-A6A3-49F767A44794}.Release|Any CPU.ActiveCfg = Release|Any CPU
		{3D524BF5-8CF8-4586-A6A3-49F767A44794}.Release|Any CPU.Build.0 = Release|Any CPU
		{0C9F6C4A-0D51-4A74-91F0-363B55FA47C5}.AutomatedDebug|Any CPU.ActiveCfg = Debug|Any CPU
		{0C9F6C4A-0D51-4A74-91F0-363B55FA47C5}.AutomatedDebug|Any CPU.Build.0 = Debug|Any CPU
		{0C9F6C4A-0D51-4A74-91F0-363B55FA47C5}.AutomatedRelease|Any CPU.ActiveCfg = Release|Any CPU
		{0C9F6C4A-0D51-4A74-91F0-363B55FA47C5}.AutomatedRelease|Any CPU.Build.0 = Release|Any CPU
		{0C9F6C4A-0D51-4A74-91F0-363B55FA47C5}.Debug|Any CPU.ActiveCfg = Debug|Any CPU
		{0C9F6C4A-0D51-4A74-91F0-363B55FA47C5}.Debug|Any CPU.Build.0 = Debug|Any CPU
		{0C9F6C4A-0D51-4A74-91F0-363B55FA47C5}.Release|Any CPU.ActiveCfg = Release|Any CPU
		{0C9F6C4A-0D51-4A74-91F0-363B55FA47C5}.Release|Any CPU.Build.0 = Release|Any CPU
		{B60EEA44-A7D4-4527-B9DC-DB4072B9A527}.AutomatedDebug|Any CPU.ActiveCfg = Debug|Any CPU
		{B60EEA44-A7D4-4527-B9DC-DB4072B9A527}.AutomatedDebug|Any CPU.Build.0 = Debug|Any CPU
		{B60EEA44-A7D4-4527-B9DC-DB4072B9A527}.AutomatedRelease|Any CPU.ActiveCfg = Release|Any CPU
		{B60EEA44-A7D4-4527-B9DC-DB4072B9A527}.AutomatedRelease|Any CPU.Build.0 = Release|Any CPU
		{B60EEA44-A7D4-4527-B9DC-DB4072B9A527}.Debug|Any CPU.ActiveCfg = Debug|Any CPU
		{B60EEA44-A7D4-4527-B9DC-DB4072B9A527}.Debug|Any CPU.Build.0 = Debug|Any CPU
		{B60EEA44-A7D4-4527-B9DC-DB4072B9A527}.Release|Any CPU.ActiveCfg = Release|Any CPU
		{B60EEA44-A7D4-4527-B9DC-DB4072B9A527}.Release|Any CPU.Build.0 = Release|Any CPU
	EndGlobalSection
	GlobalSection(SolutionProperties) = preSolution
		HideSolutionNode = FALSE
	EndGlobalSection
EndGlobal
